
Microsoft Visual Studio Solution File, Format Version 12.00
# Visual Studio Version 17
VisualStudioVersion = 17.3.32929.385
MinimumVisualStudioVersion = 10.0.40219.1
Project("{FAE04EC0-301F-11D3-BF4B-00C04F79EFBC}") = "ATMApp", "ATMApp\ATMApp.csproj", "{20488B01-CE42-4DE1-9FA1-D3BE42C81577}"
EndProject
Global
	GlobalSection(SolutionConfigurationPlatforms) = preSolution
		Debug|Any CPU = Debug|Any CPU
		Release|Any CPU = Release|Any CPU
	EndGlobalSection
	GlobalSection(ProjectConfigurationPlatforms) = postSolution
		{20488B01-CE42-4DE1-9FA1-D3BE42C81577}.Debug|Any CPU.ActiveCfg = Debug|Any CPU
		{20488B01-CE42-4DE1-9FA1-D3BE42C81577}.Debug|Any CPU.Build.0 = Debug|Any CPU
		{20488B01-CE42-4DE1-9FA1-D3BE42C81577}.Release|Any CPU.ActiveCfg = Release|Any CPU
		{20488B01-CE42-4DE1-9FA1-D3BE42C81577}.Release|Any CPU.Build.0 = Release|Any CPU
	EndGlobalSection
	GlobalSection(SolutionProperties) = preSolution
		HideSolutionNode = FALSE
	EndGlobalSection
	GlobalSection(ExtensibilityGlobals) = postSolution
		SolutionGuid = {AB78591F-8A65-43CE-90F5-4CF039843025}
	EndGlobalSection
EndGlobal
